{
  "lockfile_version": "1",
  "packages": {
    "just@latest": {
      "last_modified": "2023-12-20T20:44:49Z",
      "resolved": "github:NixOS/nixpkgs/2b9c57d33e3d5be6262e124fc66e3a8bc650b93d#just",
      "source": "devbox-search",
      "version": "1.17.0",
      "systems": {
        "aarch64-darwin": {
          "store_path": "/nix/store/v3zsg1cgiwb0836gbx44dcmr0zi08ahv-just-1.17.0"
        },
        "aarch64-linux": {
          "store_path": "/nix/store/brxk8vyj1ghdkqvkv6wvnbdjvd5ii39i-just-1.17.0"
        },
        "x86_64-darwin": {
          "store_path": "/nix/store/agxi2s0951l2r81d0bygsh467a9zjvvr-just-1.17.0"
        },
        "x86_64-linux": {
          "store_path": "/nix/store/0701pg9fn8pln4kd22p8xvk48209vfiw-just-1.17.0"
        }
      }
    },
    "nodePackages.pnpm@latest": {
      "last_modified": "2023-12-13T22:54:10Z",
      "resolved": "github:NixOS/nixpkgs/fd04bea4cbf76f86f244b9e2549fca066db8ddff#nodePackages.pnpm",
      "source": "devbox-search",
      "version": "8.10.5",
      "systems": {
        "aarch64-darwin": {
          "store_path": "/nix/store/mp0ppa9xhaaqs398r5hpvhnbwpc9mpfw-pnpm-8.10.5"
        },
        "aarch64-linux": {
          "store_path": "/nix/store/vjvri6p42iind1dj500jhzh1lai3972r-pnpm-8.10.5"
        },
        "x86_64-darwin": {
          "store_path": "/nix/store/kq84mdjh9ycsvnkj1dmgiz8ks6fyivqk-pnpm-8.10.5"
        },
        "x86_64-linux": {
          "store_path": "/nix/store/y3mxy318cr8cl26saysfwqbxbcwb31lb-pnpm-8.10.5"
        }
      }
    },
    "nodejs@latest": {
      "last_modified": "2023-12-18T02:58:18Z",
      "resolved": "github:NixOS/nixpkgs/ca16221251951e9c6261a1a2bb4f9389038d3632#nodejs_21",
      "source": "devbox-search",
      "version": "21.4.0",
      "systems": {
        "aarch64-darwin": {
          "store_path": "/nix/store/m9dw902f3qmlyd1k79fnkpdpbbgmiq5p-nodejs-21.4.0"
        },
        "aarch64-linux": {
          "store_path": "/nix/store/jcyq7h968yazllrvf432lrx5qfibdr66-nodejs-21.4.0"
        },
        "x86_64-darwin": {
          "store_path": "/nix/store/wri9fd1rhd708z3k48vp60kx39l8nl04-nodejs-21.4.0"
        },
        "x86_64-linux": {
          "store_path": "/nix/store/p3mbsd6dn6qxy7s7svmahb99m95cwk39-nodejs-21.4.0"
        }
      }
    }
  }
}
